// !$*UTF8*$!
{
	archiveVersion = 1;
	classes = {
	};
	objectVersion = 77;
	objects = {

/* Begin PBXBuildFile section */
		1582B64BF8662CECD74BCEC7 /* RepositoryFilter.swift in Sources */ = {isa = PBXBuildFile; fileRef = 4CA555E928317E4BEFB24FEB /* RepositoryFilter.swift */; };
		1A3125078DDEF83502A350D1 /* RepositoryDetailView.swift in Sources */ = {isa = PBXBuildFile; fileRef = 6255C80D8185B747D03A74B2 /* RepositoryDetailView.swift */; };
		247C1141AC1AF01B70039242 /* GitHubClient.swift in Sources */ = {isa = PBXBuildFile; fileRef = 637E30703A08CB1B6F2F3306 /* GitHubClient.swift */; };
		2ABDCC16057493145222AC54 /* StarRepository.swift in Sources */ = {isa = PBXBuildFile; fileRef = FD0C637894C09F87E9F42791 /* StarRepository.swift */; };
		3871C1B03C1F015C51679D10 /* RepositoryArchive.swift in Sources */ = {isa = PBXBuildFile; fileRef = A630B95C21BDDC4393AF424D /* RepositoryArchive.swift */; };
		38C93678DDB7136B356CD02D /* Localizable.strings in Resources */ = {isa = PBXBuildFile; fileRef = 28F4D44CAF7E5C9C57B4BF60 /* Localizable.strings */; };
		3A3D1B8F003D4FF7A4A43744 /* GitHubDTOTests.swift in Sources */ = {isa = PBXBuildFile; fileRef = 8724C52D11482109D72C1D87 /* GitHubDTOTests.swift */; };
		3D610BA7EDBA05546BBC66B9 /* StarredRepo.swift in Sources */ = {isa = PBXBuildFile; fileRef = 3CE5FA2B9724A5590F3E060D /* StarredRepo.swift */; };
		3DE6C26674BB451CC234F551 /* RepositoryFilterTests.swift in Sources */ = {isa = PBXBuildFile; fileRef = 53D2F3F65C6A506DF1810C02 /* RepositoryFilterTests.swift */; };
		47C387AD1A98AA4ADF1C56BC /* LoginView.swift in Sources */ = {isa = PBXBuildFile; fileRef = 3CB45C90424DDDF613FBF4DB /* LoginView.swift */; };
		49B3806BA7CD6D132ABAE747 /* CategoryRule.swift in Sources */ = {isa = PBXBuildFile; fileRef = A05294322414FF99C5F5B1C9 /* CategoryRule.swift */; };
		5035788B434977F18216018B /* RepositoryReadmeProvider.swift in Sources */ = {isa = PBXBuildFile; fileRef = C56714D7EE27FD3576BD2690 /* RepositoryReadmeProvider.swift */; };
		518C1636A59DE14C5AE6ABED /* RepositoryReadmeViewModel.swift in Sources */ = {isa = PBXBuildFile; fileRef = 4DCC2AB48FBBFD89E294D189 /* RepositoryReadmeViewModel.swift */; };
		5252344B954B7C11FD613938 /* KeychainTokenStore.swift in Sources */ = {isa = PBXBuildFile; fileRef = FAB84115D39736ECF8582419 /* KeychainTokenStore.swift */; };
		5D582A142662675C0486B0AE /* GitHubClientTests.swift in Sources */ = {isa = PBXBuildFile; fileRef = A68AEAB55FC785D197FA5834 /* GitHubClientTests.swift */; };
		653DCB7B6090050D7BCBEEA0 /* RepositoryReadmeViewModelTests.swift in Sources */ = {isa = PBXBuildFile; fileRef = 33AEEDED5F6ECDD1D9B849D4 /* RepositoryReadmeViewModelTests.swift */; };
		7587AB928F05D6A843023C60 /* Assets.xcassets in Resources */ = {isa = PBXBuildFile; fileRef = 97F096170A72F4341BA72275 /* Assets.xcassets */; };
		7951521DC5E9E51BA693778D /* FlowLayout.swift in Sources */ = {isa = PBXBuildFile; fileRef = EA2E215171514CD12D90CDB7 /* FlowLayout.swift */; };
		9D55EFCF5CE117DEEB8880E8 /* StarMagpieApp.swift in Sources */ = {isa = PBXBuildFile; fileRef = 2A6A0C942E081D14809194D9 /* StarMagpieApp.swift */; };
		A65E16032B01D231494BBA1C /* LocalizedViews.swift in Sources */ = {isa = PBXBuildFile; fileRef = 281CBC3AA1532EE2AFB20A3C /* LocalizedViews.swift */; };
		B0DAC996F1E0E8BB6E741605 /* MainView.swift in Sources */ = {isa = PBXBuildFile; fileRef = B8AC94607038812C850C69E5 /* MainView.swift */; };
		B6B75EDE22A744FB4B6C14AF /* InfoPlist.strings in Resources */ = {isa = PBXBuildFile; fileRef = D3EE32BBFF427763A7EAD5D0 /* InfoPlist.strings */; };
		BA35D4CBD5930056CE306058 /* ContentView.swift in Sources */ = {isa = PBXBuildFile; fileRef = A0356B582FC279FA8E48A584 /* ContentView.swift */; };
		C6610F3B66B289E4E15D9F70 /* ReadmeURLMapperTests.swift in Sources */ = {isa = PBXBuildFile; fileRef = 25760360915430B38193586A /* ReadmeURLMapperTests.swift */; };
		C72722DB51BEAB2D6A2C00E7 /* RepositoryReadme.swift in Sources */ = {isa = PBXBuildFile; fileRef = 952DDF6342A7D81EB9E69EEF /* RepositoryReadme.swift */; };
		CF0091C895203ED1A8B038E4 /* ReadmeWebView.swift in Sources */ = {isa = PBXBuildFile; fileRef = C354E3DE8F325EBE194AEE19 /* ReadmeWebView.swift */; };
		DB95D4089AEFA505C2002E6B /* AppLanguageTests.swift in Sources */ = {isa = PBXBuildFile; fileRef = EA1528A831C3270B83155D7A /* AppLanguageTests.swift */; };
		DF0FB4BE4BEDE14F13C9964D /* AppLanguagePicker.swift in Sources */ = {isa = PBXBuildFile; fileRef = 3BEE3F9B850172417B97111D /* AppLanguagePicker.swift */; };
		E66BD4AFEC4844ECB6D45789 /* GitHubDTOs.swift in Sources */ = {isa = PBXBuildFile; fileRef = 69A8C8FDA56CF5F5B122EE96 /* GitHubDTOs.swift */; };
		E74385A84616D51A1DCC03C8 /* StarRepositoryTests.swift in Sources */ = {isa = PBXBuildFile; fileRef = CA45F5A258EB2E37B33C686A /* StarRepositoryTests.swift */; };
		EBC5B01BF1EF7D6073836C65 /* RepositoryIdentityTests.swift in Sources */ = {isa = PBXBuildFile; fileRef = A2B5E4CB27B3A76D1F1784B8 /* RepositoryIdentityTests.swift */; };
		EC91A998C7B6F80D7A196F6F /* RepositoryArchiveDocument.swift in Sources */ = {isa = PBXBuildFile; fileRef = 355522978FA0E835C3DB229C /* RepositoryArchiveDocument.swift */; };
		F4A23B9D61B6CDB9D8601125 /* ReadmeSectionView.swift in Sources */ = {isa = PBXBuildFile; fileRef = 4040053E28C8F22FFB085CA7 /* ReadmeSectionView.swift */; };
		FA43D32C0AB744979547EBE3 /* AppLanguage.swift in Sources */ = {isa = PBXBuildFile; fileRef = 6B6307A0A9A984A13E75F452 /* AppLanguage.swift */; };
		FE20B5EA2FC6F229F8CC92BA /* TestFixtures.swift in Sources */ = {isa = PBXBuildFile; fileRef = 4560C8E13D96CF866A7A21E5 /* TestFixtures.swift */; };
/* End PBXBuildFile section */

/* Begin PBXContainerItemProxy section */
		317989E41CBADA2E26B21DE8 /* PBXContainerItemProxy */ = {
			isa = PBXContainerItemProxy;
			containerPortal = FEB73824B1889E65D521E34D /* Project object */;
			proxyType = 1;
			remoteGlobalIDString = 60C6C39AA4E5AAD6CE9DA16B;
			remoteInfo = StarMagpie;
		};
/* End PBXContainerItemProxy section */

/* Begin PBXFileReference section */
		06D72E6EB31E62D6DEC44A3F /* CHANGELOG.md */ = {isa = PBXFileReference; lastKnownFileType = net.daringfireball.markdown; path = CHANGELOG.md; sourceTree = "<group>"; };
		100492D1A93B2A990DC5FE62 /* interface.jpg */ = {isa = PBXFileReference; lastKnownFileType = image.jpeg; path = interface.jpg; sourceTree = "<group>"; };
		111E91B21D5A027F3096217C /* bug_report.yml */ = {isa = PBXFileReference; lastKnownFileType = text.yaml; path = bug_report.yml; sourceTree = "<group>"; };
		14DDC27DF50320837773A085 /* CONTRIBUTING.md */ = {isa = PBXFileReference; lastKnownFileType = net.daringfireball.markdown; path = CONTRIBUTING.md; sourceTree = "<group>"; };
		1FCE69FEE1E1EDA4F1E02885 /* release-unsigned.yml */ = {isa = PBXFileReference; lastKnownFileType = text.yaml; path = "release-unsigned.yml"; sourceTree = "<group>"; };
		2206C42B3B1229B0CD1F4DFC /* CODEOWNERS */ = {isa = PBXFileReference; path = CODEOWNERS; sourceTree = "<group>"; };
		24D6234EF42BC46FF755CA95 /* config.yml */ = {isa = PBXFileReference; lastKnownFileType = text.yaml; path = config.yml; sourceTree = "<group>"; };
		25760360915430B38193586A /* ReadmeURLMapperTests.swift */ = {isa = PBXFileReference; lastKnownFileType = sourcecode.swift; path = ReadmeURLMapperTests.swift; sourceTree = "<group>"; };
		25DF38053F2340CC7671653E /* feature_request.yml */ = {isa = PBXFileReference; lastKnownFileType = text.yaml; path = feature_request.yml; sourceTree = "<group>"; };
		281CBC3AA1532EE2AFB20A3C /* LocalizedViews.swift */ = {isa = PBXFileReference; lastKnownFileType = sourcecode.swift; path = LocalizedViews.swift; sourceTree = "<group>"; };
		2A6A0C942E081D14809194D9 /* StarMagpieApp.swift */ = {isa = PBXFileReference; lastKnownFileType = sourcecode.swift; path = StarMagpieApp.swift; sourceTree = "<group>"; };
		302A4E0CB0769CB99A020EE0 /* zh-Hans */ = {isa = PBXFileReference; lastKnownFileType = text.plist.strings; name = "zh-Hans"; path = "zh-Hans.lproj/Localizable.strings"; sourceTree = "<group>"; };
		33AEEDED5F6ECDD1D9B849D4 /* RepositoryReadmeViewModelTests.swift */ = {isa = PBXFileReference; lastKnownFileType = sourcecode.swift; path = RepositoryReadmeViewModelTests.swift; sourceTree = "<group>"; };
		3544B0CF877BA84A8F7D2EDF /* generate-app-icon.swift */ = {isa = PBXFileReference; lastKnownFileType = sourcecode.swift; path = "generate-app-icon.swift"; sourceTree = "<group>"; };
		355522978FA0E835C3DB229C /* RepositoryArchiveDocument.swift */ = {isa = PBXFileReference; lastKnownFileType = sourcecode.swift; path = RepositoryArchiveDocument.swift; sourceTree = "<group>"; };
		3BEE3F9B850172417B97111D /* AppLanguagePicker.swift */ = {isa = PBXFileReference; lastKnownFileType = sourcecode.swift; path = AppLanguagePicker.swift; sourceTree = "<group>"; };
		3CB45C90424DDDF613FBF4DB /* LoginView.swift */ = {isa = PBXFileReference; lastKnownFileType = sourcecode.swift; path = LoginView.swift; sourceTree = "<group>"; };
		3CE5FA2B9724A5590F3E060D /* StarredRepo.swift */ = {isa = PBXFileReference; lastKnownFileType = sourcecode.swift; path = StarredRepo.swift; sourceTree = "<group>"; };
		4040053E28C8F22FFB085CA7 /* ReadmeSectionView.swift */ = {isa = PBXFileReference; lastKnownFileType = sourcecode.swift; path = ReadmeSectionView.swift; sourceTree = "<group>"; };
		4560C8E13D96CF866A7A21E5 /* TestFixtures.swift */ = {isa = PBXFileReference; lastKnownFileType = sourcecode.swift; path = TestFixtures.swift; sourceTree = "<group>"; };
		47049345BAF4E0552AA4029D /* README.zh-CN.md */ = {isa = PBXFileReference; lastKnownFileType = net.daringfireball.markdown; path = "README.zh-CN.md"; sourceTree = "<group>"; };
		485C5376F62785514B305B2C /* AGENTS.md */ = {isa = PBXFileReference; lastKnownFileType = net.daringfireball.markdown; path = AGENTS.md; sourceTree = "<group>"; };
		4CA555E928317E4BEFB24FEB /* RepositoryFilter.swift */ = {isa = PBXFileReference; lastKnownFileType = sourcecode.swift; path = RepositoryFilter.swift; sourceTree = "<group>"; };
		4DCC2AB48FBBFD89E294D189 /* RepositoryReadmeViewModel.swift */ = {isa = PBXFileReference; lastKnownFileType = sourcecode.swift; path = RepositoryReadmeViewModel.swift; sourceTree = "<group>"; };
		53D2F3F65C6A506DF1810C02 /* RepositoryFilterTests.swift */ = {isa = PBXFileReference; lastKnownFileType = sourcecode.swift; path = RepositoryFilterTests.swift; sourceTree = "<group>"; };
		61BF301DAADEC02D6991EBA3 /* package-unsigned.sh */ = {isa = PBXFileReference; lastKnownFileType = text.script.sh; path = "package-unsigned.sh"; sourceTree = "<group>"; };
		6255C80D8185B747D03A74B2 /* RepositoryDetailView.swift */ = {isa = PBXFileReference; lastKnownFileType = sourcecode.swift; path = RepositoryDetailView.swift; sourceTree = "<group>"; };
		637E30703A08CB1B6F2F3306 /* GitHubClient.swift */ = {isa = PBXFileReference; lastKnownFileType = sourcecode.swift; path = GitHubClient.swift; sourceTree = "<group>"; };
		69A8C8FDA56CF5F5B122EE96 /* GitHubDTOs.swift */ = {isa = PBXFileReference; lastKnownFileType = sourcecode.swift; path = GitHubDTOs.swift; sourceTree = "<group>"; };
		6A6B6A42FE63CE24CAB488DC /* question.yml */ = {isa = PBXFileReference; lastKnownFileType = text.yaml; path = question.yml; sourceTree = "<group>"; };
		6B6307A0A9A984A13E75F452 /* AppLanguage.swift */ = {isa = PBXFileReference; lastKnownFileType = sourcecode.swift; path = AppLanguage.swift; sourceTree = "<group>"; };
		72DE4D6B4163A57C409D4455 /* SECURITY.md */ = {isa = PBXFileReference; lastKnownFileType = net.daringfireball.markdown; path = SECURITY.md; sourceTree = "<group>"; };
		75C0D2528D6BB731F25BEC61 /* CODE_OF_CONDUCT.md */ = {isa = PBXFileReference; lastKnownFileType = net.daringfireball.markdown; path = CODE_OF_CONDUCT.md; sourceTree = "<group>"; };
		785A79ED581F8B1E879955D0 /* StarMagpieTests.xctest */ = {isa = PBXFileReference; explicitFileType = wrapper.cfbundle; includeInIndex = 0; path = StarMagpieTests.xctest; sourceTree = BUILT_PRODUCTS_DIR; };
		7F868C8B24F19FE9BC7C27C1 /* ci.yml */ = {isa = PBXFileReference; lastKnownFileType = text.yaml; path = ci.yml; sourceTree = "<group>"; };
		823D2E43619D055C38E54B58 /* LICENSE */ = {isa = PBXFileReference; path = LICENSE; sourceTree = "<group>"; };
		870BD80DB2DBB131C656F9D2 /* StarMagpie.app */ = {isa = PBXFileReference; explicitFileType = wrapper.application; includeInIndex = 0; path = StarMagpie.app; sourceTree = BUILT_PRODUCTS_DIR; };
		8724C52D11482109D72C1D87 /* GitHubDTOTests.swift */ = {isa = PBXFileReference; lastKnownFileType = sourcecode.swift; path = GitHubDTOTests.swift; sourceTree = "<group>"; };
		952DDF6342A7D81EB9E69EEF /* RepositoryReadme.swift */ = {isa = PBXFileReference; lastKnownFileType = sourcecode.swift; path = RepositoryReadme.swift; sourceTree = "<group>"; };
		97F096170A72F4341BA72275 /* Assets.xcassets */ = {isa = PBXFileReference; lastKnownFileType = folder.assetcatalog; path = Assets.xcassets; sourceTree = "<group>"; };
		9E3A9AEACB0DF3C46A9C34CD /* show-readme-in-detail.md */ = {isa = PBXFileReference; lastKnownFileType = net.daringfireball.markdown; path = "show-readme-in-detail.md"; sourceTree = "<group>"; };
		A0356B582FC279FA8E48A584 /* ContentView.swift */ = {isa = PBXFileReference; lastKnownFileType = sourcecode.swift; path = ContentView.swift; sourceTree = "<group>"; };
		A05294322414FF99C5F5B1C9 /* CategoryRule.swift */ = {isa = PBXFileReference; lastKnownFileType = sourcecode.swift; path = CategoryRule.swift; sourceTree = "<group>"; };
		A2B5E4CB27B3A76D1F1784B8 /* RepositoryIdentityTests.swift */ = {isa = PBXFileReference; lastKnownFileType = sourcecode.swift; path = RepositoryIdentityTests.swift; sourceTree = "<group>"; };
		A630B95C21BDDC4393AF424D /* RepositoryArchive.swift */ = {isa = PBXFileReference; lastKnownFileType = sourcecode.swift; path = RepositoryArchive.swift; sourceTree = "<group>"; };
		A68AEAB55FC785D197FA5834 /* GitHubClientTests.swift */ = {isa = PBXFileReference; lastKnownFileType = sourcecode.swift; path = GitHubClientTests.swift; sourceTree = "<group>"; };
		B807A5F67920E0FCBF7D8092 /* app-icon.png */ = {isa = PBXFileReference; lastKnownFileType = image.png; path = "app-icon.png"; sourceTree = "<group>"; };
		B8AC94607038812C850C69E5 /* MainView.swift */ = {isa = PBXFileReference; lastKnownFileType = sourcecode.swift; path = MainView.swift; sourceTree = "<group>"; };
		C354E3DE8F325EBE194AEE19 /* ReadmeWebView.swift */ = {isa = PBXFileReference; lastKnownFileType = sourcecode.swift; path = ReadmeWebView.swift; sourceTree = "<group>"; };
		C56714D7EE27FD3576BD2690 /* RepositoryReadmeProvider.swift */ = {isa = PBXFileReference; lastKnownFileType = sourcecode.swift; path = RepositoryReadmeProvider.swift; sourceTree = "<group>"; };
		CA45F5A258EB2E37B33C686A /* StarRepositoryTests.swift */ = {isa = PBXFileReference; lastKnownFileType = sourcecode.swift; path = StarRepositoryTests.swift; sourceTree = "<group>"; };
		DC49C2E8423481F86B3EF7AF /* en */ = {isa = PBXFileReference; lastKnownFileType = text.plist.strings; name = en; path = en.lproj/Localizable.strings; sourceTree = "<group>"; };
		DC69F98123F251829DBF4613 /* Info.plist */ = {isa = PBXFileReference; lastKnownFileType = text.plist; path = Info.plist; sourceTree = "<group>"; };
		E075323B8F68487F5B2063FE /* PULL_REQUEST_TEMPLATE.md */ = {isa = PBXFileReference; lastKnownFileType = net.daringfireball.markdown; path = PULL_REQUEST_TEMPLATE.md; sourceTree = "<group>"; };
		E52D8611EC978EAA5E1C92A1 /* en */ = {isa = PBXFileReference; lastKnownFileType = text.plist.strings; name = en; path = en.lproj/InfoPlist.strings; sourceTree = "<group>"; };
		E5A26E95F8C8F2840697CF31 /* SUPPORT.md */ = {isa = PBXFileReference; lastKnownFileType = net.daringfireball.markdown; path = SUPPORT.md; sourceTree = "<group>"; };
		EA1528A831C3270B83155D7A /* AppLanguageTests.swift */ = {isa = PBXFileReference; lastKnownFileType = sourcecode.swift; path = AppLanguageTests.swift; sourceTree = "<group>"; };
		EA2E215171514CD12D90CDB7 /* FlowLayout.swift */ = {isa = PBXFileReference; lastKnownFileType = sourcecode.swift; path = FlowLayout.swift; sourceTree = "<group>"; };
		EC5A9EC31F8EBD89BC4CBC83 /* zh-Hans */ = {isa = PBXFileReference; lastKnownFileType = text.plist.strings; name = "zh-Hans"; path = "zh-Hans.lproj/InfoPlist.strings"; sourceTree = "<group>"; };
		F547B53C9911D5193E847848 /* README.md */ = {isa = PBXFileReference; lastKnownFileType = net.daringfireball.markdown; path = README.md; sourceTree = "<group>"; };
		FAB84115D39736ECF8582419 /* KeychainTokenStore.swift */ = {isa = PBXFileReference; lastKnownFileType = sourcecode.swift; path = KeychainTokenStore.swift; sourceTree = "<group>"; };
		FD0C637894C09F87E9F42791 /* StarRepository.swift */ = {isa = PBXFileReference; lastKnownFileType = sourcecode.swift; path = StarRepository.swift; sourceTree = "<group>"; };
/* End PBXFileReference section */

/* Begin PBXGroup section */
		0A6DDC8E00D41202F8891B3E /* Utilities */ = {
			isa = PBXGroup;
			children = (
				6B6307A0A9A984A13E75F452 /* AppLanguage.swift */,
				355522978FA0E835C3DB229C /* RepositoryArchiveDocument.swift */,
			);
			path = Utilities;
			sourceTree = "<group>";
		};
		1A9E807BDB745301F7397B99 /* App */ = {
			isa = PBXGroup;
			children = (
				A0356B582FC279FA8E48A584 /* ContentView.swift */,
				2A6A0C942E081D14809194D9 /* StarMagpieApp.swift */,
			);
			path = App;
			sourceTree = "<group>";
		};
		37ACFE482EA37431B68CB100 /* docs */ = {
			isa = PBXGroup;
			children = (
				D8285C0D9BE8C8AAE97A3B40 /* assets */,
				95C19AF09C9B6B73F0F643FB /* features */,
			);
			path = docs;
			sourceTree = "<group>";
		};
		3FF5E72C7233AFB4F7A86232 /* .github */ = {
			isa = PBXGroup;
			children = (
				2206C42B3B1229B0CD1F4DFC /* CODEOWNERS */,
				E075323B8F68487F5B2063FE /* PULL_REQUEST_TEMPLATE.md */,
				FA75C4F48014A0AC34AA5381 /* ISSUE_TEMPLATE */,
				BEBEFB1A1F91347C76EF9858 /* workflows */,
			);
			path = .github;
			sourceTree = "<group>";
		};
		4C43B088DF475AA2036285D6 /* ViewModels */ = {
			isa = PBXGroup;
			children = (
				4DCC2AB48FBBFD89E294D189 /* RepositoryReadmeViewModel.swift */,
			);
			path = ViewModels;
			sourceTree = "<group>";
		};
		56C0DF4C244772A04873A5DB /* scripts */ = {
			isa = PBXGroup;
			children = (
				3544B0CF877BA84A8F7D2EDF /* generate-app-icon.swift */,
				61BF301DAADEC02D6991EBA3 /* package-unsigned.sh */,
			);
			path = scripts;
			sourceTree = "<group>";
		};
		638B1C39B53387D38D1044B4 /* Models */ = {
			isa = PBXGroup;
			children = (
				A05294322414FF99C5F5B1C9 /* CategoryRule.swift */,
				69A8C8FDA56CF5F5B122EE96 /* GitHubDTOs.swift */,
				4CA555E928317E4BEFB24FEB /* RepositoryFilter.swift */,
				952DDF6342A7D81EB9E69EEF /* RepositoryReadme.swift */,
				3CE5FA2B9724A5590F3E060D /* StarredRepo.swift */,
			);
			path = Models;
			sourceTree = "<group>";
		};
		68F95AA4E50A6742D3343D8F /* Views */ = {
			isa = PBXGroup;
			children = (
				3BEE3F9B850172417B97111D /* AppLanguagePicker.swift */,
				EA2E215171514CD12D90CDB7 /* FlowLayout.swift */,
				281CBC3AA1532EE2AFB20A3C /* LocalizedViews.swift */,
				3CB45C90424DDDF613FBF4DB /* LoginView.swift */,
				B8AC94607038812C850C69E5 /* MainView.swift */,
				4040053E28C8F22FFB085CA7 /* ReadmeSectionView.swift */,
				C354E3DE8F325EBE194AEE19 /* ReadmeWebView.swift */,
				6255C80D8185B747D03A74B2 /* RepositoryDetailView.swift */,
			);
			path = Views;
			sourceTree = "<group>";
		};
		95C19AF09C9B6B73F0F643FB /* features */ = {
			isa = PBXGroup;
			children = (
				9E3A9AEACB0DF3C46A9C34CD /* show-readme-in-detail.md */,
			);
			path = features;
			sourceTree = "<group>";
		};
		BEBEFB1A1F91347C76EF9858 /* workflows */ = {
			isa = PBXGroup;
			children = (
				7F868C8B24F19FE9BC7C27C1 /* ci.yml */,
				1FCE69FEE1E1EDA4F1E02885 /* release-unsigned.yml */,
			);
			path = workflows;
			sourceTree = "<group>";
		};
		C4CA55338534A3869F9B6859 /* StarMagpieTests */ = {
			isa = PBXGroup;
			children = (
				EA1528A831C3270B83155D7A /* AppLanguageTests.swift */,
				A68AEAB55FC785D197FA5834 /* GitHubClientTests.swift */,
				8724C52D11482109D72C1D87 /* GitHubDTOTests.swift */,
				25760360915430B38193586A /* ReadmeURLMapperTests.swift */,
				53D2F3F65C6A506DF1810C02 /* RepositoryFilterTests.swift */,
				A2B5E4CB27B3A76D1F1784B8 /* RepositoryIdentityTests.swift */,
				33AEEDED5F6ECDD1D9B849D4 /* RepositoryReadmeViewModelTests.swift */,
				CA45F5A258EB2E37B33C686A /* StarRepositoryTests.swift */,
				4560C8E13D96CF866A7A21E5 /* TestFixtures.swift */,
			);
			path = StarMagpieTests;
			sourceTree = "<group>";
		};
		CB0CA2B61C98B4743D57431A /* Services */ = {
			isa = PBXGroup;
			children = (
				637E30703A08CB1B6F2F3306 /* GitHubClient.swift */,
				FAB84115D39736ECF8582419 /* KeychainTokenStore.swift */,
				A630B95C21BDDC4393AF424D /* RepositoryArchive.swift */,
				C56714D7EE27FD3576BD2690 /* RepositoryReadmeProvider.swift */,
				FD0C637894C09F87E9F42791 /* StarRepository.swift */,
			);
			path = Services;
			sourceTree = "<group>";
		};
		CB4266A97F63048228EDAA93 /* StarMagpie */ = {
			isa = PBXGroup;
			children = (
				97F096170A72F4341BA72275 /* Assets.xcassets */,
				DC69F98123F251829DBF4613 /* Info.plist */,
				D3EE32BBFF427763A7EAD5D0 /* InfoPlist.strings */,
				28F4D44CAF7E5C9C57B4BF60 /* Localizable.strings */,
				1A9E807BDB745301F7397B99 /* App */,
				638B1C39B53387D38D1044B4 /* Models */,
				CB0CA2B61C98B4743D57431A /* Services */,
				0A6DDC8E00D41202F8891B3E /* Utilities */,
				4C43B088DF475AA2036285D6 /* ViewModels */,
				68F95AA4E50A6742D3343D8F /* Views */,
			);
			path = StarMagpie;
			sourceTree = "<group>";
		};
		D8285C0D9BE8C8AAE97A3B40 /* assets */ = {
			isa = PBXGroup;
			children = (
				B807A5F67920E0FCBF7D8092 /* app-icon.png */,
			);
			path = assets;
			sourceTree = "<group>";
		};
		E2C83E6D781296FEBFA4AB60 = {
			isa = PBXGroup;
			children = (
				485C5376F62785514B305B2C /* AGENTS.md */,
				06D72E6EB31E62D6DEC44A3F /* CHANGELOG.md */,
				75C0D2528D6BB731F25BEC61 /* CODE_OF_CONDUCT.md */,
				14DDC27DF50320837773A085 /* CONTRIBUTING.md */,
				100492D1A93B2A990DC5FE62 /* interface.jpg */,
				823D2E43619D055C38E54B58 /* LICENSE */,
				F547B53C9911D5193E847848 /* README.md */,
				47049345BAF4E0552AA4029D /* README.zh-CN.md */,
				72DE4D6B4163A57C409D4455 /* SECURITY.md */,
				E5A26E95F8C8F2840697CF31 /* SUPPORT.md */,
				3FF5E72C7233AFB4F7A86232 /* .github */,
				37ACFE482EA37431B68CB100 /* docs */,
				56C0DF4C244772A04873A5DB /* scripts */,
				CB4266A97F63048228EDAA93 /* StarMagpie */,
				C4CA55338534A3869F9B6859 /* StarMagpieTests */,
				F6F3BADF03F84E319FEAF7E8 /* Products */,
			);
			sourceTree = "<group>";
		};
		F6F3BADF03F84E319FEAF7E8 /* Products */ = {
			isa = PBXGroup;
			children = (
				870BD80DB2DBB131C656F9D2 /* StarMagpie.app */,
				785A79ED581F8B1E879955D0 /* StarMagpieTests.xctest */,
			);
			name = Products;
			sourceTree = "<group>";
		};
		FA75C4F48014A0AC34AA5381 /* ISSUE_TEMPLATE */ = {
			isa = PBXGroup;
			children = (
				111E91B21D5A027F3096217C /* bug_report.yml */,
				24D6234EF42BC46FF755CA95 /* config.yml */,
				25DF38053F2340CC7671653E /* feature_request.yml */,
				6A6B6A42FE63CE24CAB488DC /* question.yml */,
			);
			path = ISSUE_TEMPLATE;
			sourceTree = "<group>";
		};
/* End PBXGroup section */

/* Begin PBXNativeTarget section */
		60C6C39AA4E5AAD6CE9DA16B /* StarMagpie */ = {
			isa = PBXNativeTarget;
			buildConfigurationList = ED2D8D0C59DB3942840E98D3 /* Build configuration list for PBXNativeTarget "StarMagpie" */;
			buildPhases = (
				5FC89E707C41B8FF93CE6F77 /* Sources */,
				75C036F603F6A7843B249DE4 /* Resources */,
			);
			buildRules = (
			);
			dependencies = (
			);
			name = StarMagpie;
			packageProductDependencies = (
			);
			productName = StarMagpie;
			productReference = 870BD80DB2DBB131C656F9D2 /* StarMagpie.app */;
			productType = "com.apple.product-type.application";
		};
		817AA252D4B5E9117BF270D7 /* StarMagpieTests */ = {
			isa = PBXNativeTarget;
			buildConfigurationList = 34E229095076F08B889F475C /* Build configuration list for PBXNativeTarget "StarMagpieTests" */;
			buildPhases = (
				070E4953FC3F11094980077A /* Sources */,
			);
			buildRules = (
			);
			dependencies = (
				4B072330AEC13AA5D8804FD0 /* PBXTargetDependency */,
			);
			name = StarMagpieTests;
			packageProductDependencies = (
			);
			productName = StarMagpieTests;
			productReference = 785A79ED581F8B1E879955D0 /* StarMagpieTests.xctest */;
			productType = "com.apple.product-type.bundle.unit-test";
		};
/* End PBXNativeTarget section */

/* Begin PBXProject section */
		FEB73824B1889E65D521E34D /* Project object */ = {
			isa = PBXProject;
			attributes = {
				BuildIndependentTargetsInParallel = YES;
				LastUpgradeCheck = 1430;
			};
			buildConfigurationList = FBA78BD965B472EBFECF6669 /* Build configuration list for PBXProject "StarMagpie" */;
			compatibilityVersion = "Xcode 14.0";
			developmentRegion = en;
			hasScannedForEncodings = 0;
			knownRegions = (
				Base,
				en,
				"zh-Hans",
			);
			mainGroup = E2C83E6D781296FEBFA4AB60;
			minimizedProjectReferenceProxies = 1;
			preferredProjectObjectVersion = 77;
			projectDirPath = "";
			projectRoot = "";
			targets = (
				60C6C39AA4E5AAD6CE9DA16B /* StarMagpie */,
				817AA252D4B5E9117BF270D7 /* StarMagpieTests */,
			);
		};
/* End PBXProject section */

/* Begin PBXResourcesBuildPhase section */
		75C036F603F6A7843B249DE4 /* Resources */ = {
			isa = PBXResourcesBuildPhase;
			buildActionMask = 2147483647;
			files = (
				7587AB928F05D6A843023C60 /* Assets.xcassets in Resources */,
				B6B75EDE22A744FB4B6C14AF /* InfoPlist.strings in Resources */,
				38C93678DDB7136B356CD02D /* Localizable.strings in Resources */,
			);
			runOnlyForDeploymentPostprocessing = 0;
		};
/* End PBXResourcesBuildPhase section */

/* Begin PBXSourcesBuildPhase section */
		070E4953FC3F11094980077A /* Sources */ = {
			isa = PBXSourcesBuildPhase;
			buildActionMask = 2147483647;
			files = (
				DB95D4089AEFA505C2002E6B /* AppLanguageTests.swift in Sources */,
				5D582A142662675C0486B0AE /* GitHubClientTests.swift in Sources */,
				3A3D1B8F003D4FF7A4A43744 /* GitHubDTOTests.swift in Sources */,
				C6610F3B66B289E4E15D9F70 /* ReadmeURLMapperTests.swift in Sources */,
				3DE6C26674BB451CC234F551 /* RepositoryFilterTests.swift in Sources */,
				EBC5B01BF1EF7D6073836C65 /* RepositoryIdentityTests.swift in Sources */,
				653DCB7B6090050D7BCBEEA0 /* RepositoryReadmeViewModelTests.swift in Sources */,
				E74385A84616D51A1DCC03C8 /* StarRepositoryTests.swift in Sources */,
				FE20B5EA2FC6F229F8CC92BA /* TestFixtures.swift in Sources */,
			);
			runOnlyForDeploymentPostprocessing = 0;
		};
		5FC89E707C41B8FF93CE6F77 /* Sources */ = {
			isa = PBXSourcesBuildPhase;
			buildActionMask = 2147483647;
			files = (
				FA43D32C0AB744979547EBE3 /* AppLanguage.swift in Sources */,
				DF0FB4BE4BEDE14F13C9964D /* AppLanguagePicker.swift in Sources */,
				49B3806BA7CD6D132ABAE747 /* CategoryRule.swift in Sources */,
				BA35D4CBD5930056CE306058 /* ContentView.swift in Sources */,
				7951521DC5E9E51BA693778D /* FlowLayout.swift in Sources */,
				247C1141AC1AF01B70039242 /* GitHubClient.swift in Sources */,
				E66BD4AFEC4844ECB6D45789 /* GitHubDTOs.swift in Sources */,
				5252344B954B7C11FD613938 /* KeychainTokenStore.swift in Sources */,
				A65E16032B01D231494BBA1C /* LocalizedViews.swift in Sources */,
				47C387AD1A98AA4ADF1C56BC /* LoginView.swift in Sources */,
				B0DAC996F1E0E8BB6E741605 /* MainView.swift in Sources */,
				F4A23B9D61B6CDB9D8601125 /* ReadmeSectionView.swift in Sources */,
				CF0091C895203ED1A8B038E4 /* ReadmeWebView.swift in Sources */,
				3871C1B03C1F015C51679D10 /* RepositoryArchive.swift in Sources */,
				EC91A998C7B6F80D7A196F6F /* RepositoryArchiveDocument.swift in Sources */,
				1A3125078DDEF83502A350D1 /* RepositoryDetailView.swift in Sources */,
				1582B64BF8662CECD74BCEC7 /* RepositoryFilter.swift in Sources */,
				C72722DB51BEAB2D6A2C00E7 /* RepositoryReadme.swift in Sources */,
				5035788B434977F18216018B /* RepositoryReadmeProvider.swift in Sources */,
				518C1636A59DE14C5AE6ABED /* RepositoryReadmeViewModel.swift in Sources */,
				9D55EFCF5CE117DEEB8880E8 /* StarMagpieApp.swift in Sources */,
				2ABDCC16057493145222AC54 /* StarRepository.swift in Sources */,
				3D610BA7EDBA05546BBC66B9 /* StarredRepo.swift in Sources */,
			);
			runOnlyForDeploymentPostprocessing = 0;
		};
/* End PBXSourcesBuildPhase section */

/* Begin PBXTargetDependency section */
		4B072330AEC13AA5D8804FD0 /* PBXTargetDependency */ = {
			isa = PBXTargetDependency;
			target = 60C6C39AA4E5AAD6CE9DA16B /* StarMagpie */;
			targetProxy = 317989E41CBADA2E26B21DE8 /* PBXContainerItemProxy */;
		};
/* End PBXTargetDependency section */

/* Begin PBXVariantGroup section */
		28F4D44CAF7E5C9C57B4BF60 /* Localizable.strings */ = {
			isa = PBXVariantGroup;
			children = (
				DC49C2E8423481F86B3EF7AF /* en */,
				302A4E0CB0769CB99A020EE0 /* zh-Hans */,
			);
			name = Localizable.strings;
			sourceTree = "<group>";
		};
		D3EE32BBFF427763A7EAD5D0 /* InfoPlist.strings */ = {
			isa = PBXVariantGroup;
			children = (
				E52D8611EC978EAA5E1C92A1 /* en */,
				EC5A9EC31F8EBD89BC4CBC83 /* zh-Hans */,
			);
			name = InfoPlist.strings;
			sourceTree = "<group>";
		};
/* End PBXVariantGroup section */

/* Begin XCBuildConfiguration section */
		470B171A472274EB6A6A864B /* Release */ = {
			isa = XCBuildConfiguration;
			buildSettings = {
				ALWAYS_SEARCH_USER_PATHS = NO;
				CLANG_ANALYZER_NONNULL = YES;
				CLANG_ANALYZER_NUMBER_OBJECT_CONVERSION = YES_AGGRESSIVE;
				CLANG_CXX_LANGUAGE_STANDARD = "gnu++14";
				CLANG_CXX_LIBRARY = "libc++";
				CLANG_ENABLE_MODULES = YES;
				CLANG_ENABLE_OBJC_ARC = YES;
				CLANG_ENABLE_OBJC_WEAK = YES;
				CLANG_WARN_BLOCK_CAPTURE_AUTORELEASING = YES;
				CLANG_WARN_BOOL_CONVERSION = YES;
				CLANG_WARN_COMMA = YES;
				CLANG_WARN_CONSTANT_CONVERSION = YES;
				CLANG_WARN_DEPRECATED_OBJC_IMPLEMENTATIONS = YES;
				CLANG_WARN_DIRECT_OBJC_ISA_USAGE = YES_ERROR;
				CLANG_WARN_DOCUMENTATION_COMMENTS = YES;
				CLANG_WARN_EMPTY_BODY = YES;
				CLANG_WARN_ENUM_CONVERSION = YES;
				CLANG_WARN_INFINITE_RECURSION = YES;
				CLANG_WARN_INT_CONVERSION = YES;
				CLANG_WARN_NON_LITERAL_NULL_CONVERSION = YES;
				CLANG_WARN_OBJC_IMPLICIT_RETAIN_SELF = YES;
				CLANG_WARN_OBJC_LITERAL_CONVERSION = YES;
				CLANG_WARN_OBJC_ROOT_CLASS = YES_ERROR;
				CLANG_WARN_QUOTED_INCLUDE_IN_FRAMEWORK_HEADER = YES;
				CLANG_WARN_RANGE_LOOP_ANALYSIS = YES;
				CLANG_WARN_STRICT_PROTOTYPES = YES;
				CLANG_WARN_SUSPICIOUS_MOVE = YES;
				CLANG_WARN_UNGUARDED_AVAILABILITY = YES_AGGRESSIVE;
				CLANG_WARN_UNREACHABLE_CODE = YES;
				CLANG_WARN__DUPLICATE_METHOD_MATCH = YES;
				CODE_SIGNING_ALLOWED = NO;
				COPY_PHASE_STRIP = NO;
				DEBUG_INFORMATION_FORMAT = "dwarf-with-dsym";
				ENABLE_NS_ASSERTIONS = NO;
				ENABLE_STRICT_OBJC_MSGSEND = YES;
				GCC_C_LANGUAGE_STANDARD = gnu11;
				GCC_NO_COMMON_BLOCKS = YES;
				GCC_WARN_64_TO_32_BIT_CONVERSION = YES;
				GCC_WARN_ABOUT_RETURN_TYPE = YES_ERROR;
				GCC_WARN_UNDECLARED_SELECTOR = YES;
				GCC_WARN_UNINITIALIZED_AUTOS = YES_AGGRESSIVE;
				GCC_WARN_UNUSED_FUNCTION = YES;
				GCC_WARN_UNUSED_VARIABLE = YES;
				MACOSX_DEPLOYMENT_TARGET = 14.0;
				MTL_ENABLE_DEBUG_INFO = NO;
				MTL_FAST_MATH = YES;
				PRODUCT_NAME = "$(TARGET_NAME)";
				SDKROOT = macosx;
				SWIFT_COMPILATION_MODE = wholemodule;
				SWIFT_OPTIMIZATION_LEVEL = "-O";
				SWIFT_VERSION = 5.0;
			};
			name = Release;
		};
		4BE61E2B4225FA8145EBD9F3 /* Debug */ = {
			isa = XCBuildConfiguration;
			buildSettings = {
				BUNDLE_LOADER = "$(TEST_HOST)";
				CODE_SIGNING_ALLOWED = NO;
				COMBINE_HIDPI_IMAGES = YES;
				LD_RUNPATH_SEARCH_PATHS = (
					"$(inherited)",
					"@executable_path/../Frameworks",
					"@loader_path/../Frameworks",
				);
				PRODUCT_BUNDLE_IDENTIFIER = com.yangsonhung.StarMagpieTests;
				SDKROOT = macosx;
				TEST_HOST = "$(BUILT_PRODUCTS_DIR)/StarMagpie.app/Contents/MacOS/StarMagpie";
			};
			name = Debug;
		};
		6ACBDF597B5910DED5DFDC58 /* Debug */ = {
			isa = XCBuildConfiguration;
			buildSettings = {
				ALWAYS_SEARCH_USER_PATHS = NO;
				CLANG_ANALYZER_NONNULL = YES;
				CLANG_ANALYZER_NUMBER_OBJECT_CONVERSION = YES_AGGRESSIVE;
				CLANG_CXX_LANGUAGE_STANDARD = "gnu++14";
				CLANG_CXX_LIBRARY = "libc++";
				CLANG_ENABLE_MODULES = YES;
				CLANG_ENABLE_OBJC_ARC = YES;
				CLANG_ENABLE_OBJC_WEAK = YES;
				CLANG_WARN_BLOCK_CAPTURE_AUTORELEASING = YES;
				CLANG_WARN_BOOL_CONVERSION = YES;
				CLANG_WARN_COMMA = YES;
				CLANG_WARN_CONSTANT_CONVERSION = YES;
				CLANG_WARN_DEPRECATED_OBJC_IMPLEMENTATIONS = YES;
				CLANG_WARN_DIRECT_OBJC_ISA_USAGE = YES_ERROR;
				CLANG_WARN_DOCUMENTATION_COMMENTS = YES;
				CLANG_WARN_EMPTY_BODY = YES;
				CLANG_WARN_ENUM_CONVERSION = YES;
				CLANG_WARN_INFINITE_RECURSION = YES;
				CLANG_WARN_INT_CONVERSION = YES;
				CLANG_WARN_NON_LITERAL_NULL_CONVERSION = YES;
				CLANG_WARN_OBJC_IMPLICIT_RETAIN_SELF = YES;
				CLANG_WARN_OBJC_LITERAL_CONVERSION = YES;
				CLANG_WARN_OBJC_ROOT_CLASS = YES_ERROR;
				CLANG_WARN_QUOTED_INCLUDE_IN_FRAMEWORK_HEADER = YES;
				CLANG_WARN_RANGE_LOOP_ANALYSIS = YES;
				CLANG_WARN_STRICT_PROTOTYPES = YES;
				CLANG_WARN_SUSPICIOUS_MOVE = YES;
				CLANG_WARN_UNGUARDED_AVAILABILITY = YES_AGGRESSIVE;
				CLANG_WARN_UNREACHABLE_CODE = YES;
				CLANG_WARN__DUPLICATE_METHOD_MATCH = YES;
				CODE_SIGNING_ALLOWED = NO;
				COPY_PHASE_STRIP = NO;
				DEBUG_INFORMATION_FORMAT = dwarf;
				ENABLE_STRICT_OBJC_MSGSEND = YES;
				ENABLE_TESTABILITY = YES;
				GCC_C_LANGUAGE_STANDARD = gnu11;
				GCC_DYNAMIC_NO_PIC = NO;
				GCC_NO_COMMON_BLOCKS = YES;
				GCC_OPTIMIZATION_LEVEL = 0;
				GCC_PREPROCESSOR_DEFINITIONS = (
					"$(inherited)",
					"DEBUG=1",
				);
				GCC_WARN_64_TO_32_BIT_CONVERSION = YES;
				GCC_WARN_ABOUT_RETURN_TYPE = YES_ERROR;
				GCC_WARN_UNDECLARED_SELECTOR = YES;
				GCC_WARN_UNINITIALIZED_AUTOS = YES_AGGRESSIVE;
				GCC_WARN_UNUSED_FUNCTION = YES;
				GCC_WARN_UNUSED_VARIABLE = YES;
				MACOSX_DEPLOYMENT_TARGET = 14.0;
				MTL_ENABLE_DEBUG_INFO = INCLUDE_SOURCE;
				MTL_FAST_MATH = YES;
				ONLY_ACTIVE_ARCH = YES;
				PRODUCT_NAME = "$(TARGET_NAME)";
				SDKROOT = macosx;
				SWIFT_ACTIVE_COMPILATION_CONDITIONS = DEBUG;
				SWIFT_OPTIMIZATION_LEVEL = "-Onone";
				SWIFT_VERSION = 5.0;
			};
			name = Debug;
		};
		9BC01A086F74C4642DF7DB3A /* Release */ = {
			isa = XCBuildConfiguration;
			buildSettings = {
				ASSETCATALOG_COMPILER_APPICON_NAME = AppIcon;
				COMBINE_HIDPI_IMAGES = YES;
				ENABLE_PREVIEWS = YES;
				INFOPLIST_FILE = StarMagpie/Info.plist;
				LD_RUNPATH_SEARCH_PATHS = (
					"$(inherited)",
					"@executable_path/../Frameworks",
				);
				PRODUCT_BUNDLE_IDENTIFIER = com.yangsonhung.StarMagpie;
				PRODUCT_NAME = StarMagpie;
				SDKROOT = macosx;
			};
			name = Release;
		};
		AE2148448885B1AEA439449C /* Debug */ = {
			isa = XCBuildConfiguration;
			buildSettings = {
				ASSETCATALOG_COMPILER_APPICON_NAME = AppIcon;
				COMBINE_HIDPI_IMAGES = YES;
				ENABLE_PREVIEWS = YES;
				INFOPLIST_FILE = StarMagpie/Info.plist;
				LD_RUNPATH_SEARCH_PATHS = (
					"$(inherited)",
					"@executable_path/../Frameworks",
				);
				PRODUCT_BUNDLE_IDENTIFIER = com.yangsonhung.StarMagpie;
				PRODUCT_NAME = StarMagpie;
				SDKROOT = macosx;
			};
			name = Debug;
		};
		E67E7028B728CD405A222E71 /* Release */ = {
			isa = XCBuildConfiguration;
			buildSettings = {
				BUNDLE_LOADER = "$(TEST_HOST)";
				CODE_SIGNING_ALLOWED = NO;
				COMBINE_HIDPI_IMAGES = YES;
				LD_RUNPATH_SEARCH_PATHS = (
					"$(inherited)",
					"@executable_path/../Frameworks",
					"@loader_path/../Frameworks",
				);
				PRODUCT_BUNDLE_IDENTIFIER = com.yangsonhung.StarMagpieTests;
				SDKROOT = macosx;
				TEST_HOST = "$(BUILT_PRODUCTS_DIR)/StarMagpie.app/Contents/MacOS/StarMagpie";
			};
			name = Release;
		};
/* End XCBuildConfiguration section */

/* Begin XCConfigurationList section */
		34E229095076F08B889F475C /* Build configuration list for PBXNativeTarget "StarMagpieTests" */ = {
			isa = XCConfigurationList;
			buildConfigurations = (
				4BE61E2B4225FA8145EBD9F3 /* Debug */,
				E67E7028B728CD405A222E71 /* Release */,
			);
			defaultConfigurationIsVisible = 0;
			defaultConfigurationName = Debug;
		};
		ED2D8D0C59DB3942840E98D3 /* Build configuration list for PBXNativeTarget "StarMagpie" */ = {
			isa = XCConfigurationList;
			buildConfigurations = (
				AE2148448885B1AEA439449C /* Debug */,
				9BC01A086F74C4642DF7DB3A /* Release */,
			);
			defaultConfigurationIsVisible = 0;
			defaultConfigurationName = Debug;
		};
		FBA78BD965B472EBFECF6669 /* Build configuration list for PBXProject "StarMagpie" */ = {
			isa = XCConfigurationList;
			buildConfigurations = (
				6ACBDF597B5910DED5DFDC58 /* Debug */,
				470B171A472274EB6A6A864B /* Release */,
			);
			defaultConfigurationIsVisible = 0;
			defaultConfigurationName = Debug;
		};
/* End XCConfigurationList section */
	};
	rootObject = FEB73824B1889E65D521E34D /* Project object */;
}
